
Microsoft Visual Studio Solution File, Format Version 12.00
# Visual Studio 15
VisualStudioVersion = 15.0.26730.0
MinimumVisualStudioVersion = 10.0.40219.1
Project("{FAE04EC0-301F-11D3-BF4B-00C04F79EFBC}") = "AwfulWebView", "AwfulWebView\AwfulWebView.csproj", "{CECCF63D-88C7-4B0C-8A5D-4539D0CB37FC}"
EndProject
Global
	GlobalSection(SolutionConfigurationPlatforms) = preSolution
		Debug|Any CPU = Debug|Any CPU
		Release|Any CPU = Release|Any CPU
	EndGlobalSection
	GlobalSection(ProjectConfigurationPlatforms) = postSolution
		{CECCF63D-88C7-4B0C-8A5D-4539D0CB37FC}.Debug|Any CPU.ActiveCfg = Debug|Any CPU
		{CECCF63D-88C7-4B0C-8A5D-4539D0CB37FC}.Debug|Any CPU.Build.0 = Debug|Any CPU
		{CECCF63D-88C7-4B0C-8A5D-4539D0CB37FC}.Release|Any CPU.ActiveCfg = Release|Any CPU
		{CECCF63D-88C7-4B0C-8A5D-4539D0CB37FC}.Release|Any CPU.Build.0 = Release|Any CPU
	EndGlobalSection
	GlobalSection(SolutionProperties) = preSolution
		HideSolutionNode = FALSE
	EndGlobalSection
	GlobalSection(ExtensibilityGlobals) = postSolution
		SolutionGuid = {2DBB355A-F84F-406E-BA2A-3305A5CFE186}
	EndGlobalSection
EndGlobal
